
Microsoft Visual Studio Solution File, Format Version 12.00
# Visual Studio Version 16
VisualStudioVersion = 16.0.31005.135
MinimumVisualStudioVersion = 10.0.40219.1
Project("{FAE04EC0-301F-11D3-BF4B-00C04F79EFBC}") = "Addressbook-web-test", "Addressbook-web-test\Addressbook-web-test.csproj", "{26108009-9B0A-4854-8B7E-A767494C71AF}"
EndProject
Global
	GlobalSection(SolutionConfigurationPlatforms) = preSolution
		Debug|Any CPU = Debug|Any CPU
		Release|Any CPU = Release|Any CPU
	EndGlobalSection
	GlobalSection(ProjectConfigurationPlatforms) = postSolution
		{26108009-9B0A-4854-8B7E-A767494C71AF}.Debug|Any CPU.ActiveCfg = Debug|Any CPU
		{26108009-9B0A-4854-8B7E-A767494C71AF}.Debug|Any CPU.Build.0 = Debug|Any CPU
		{26108009-9B0A-4854-8B7E-A767494C71AF}.Release|Any CPU.ActiveCfg = Release|Any CPU
		{26108009-9B0A-4854-8B7E-A767494C71AF}.Release|Any CPU.Build.0 = Release|Any CPU
	EndGlobalSection
	GlobalSection(SolutionProperties) = preSolution
		HideSolutionNode = FALSE
	EndGlobalSection
	GlobalSection(ExtensibilityGlobals) = postSolution
		SolutionGuid = {B7B63C25-407C-444A-B17B-57B0DD805CFD}
	EndGlobalSection
EndGlobal
